// !$*UTF8*$!
{
	archiveVersion = 1;
	classes = {
	};
	objectVersion = 70;
	objects = {

/* Begin PBXBuildFile section */
		D100000000000000000000D1 /* JetKVMClientApp.swift in Sources */ = {isa = PBXBuildFile; fileRef = C100000000000000000000C1 /* JetKVMClientApp.swift */; };
		D200000000000000000000D2 /* WebRTC in Frameworks */ = {isa = PBXBuildFile; productRef = E200000000000000000000E2 /* WebRTC */; };
		D300000000000000000000D3 /* JetKVMProtocol in Frameworks */ = {isa = PBXBuildFile; productRef = E400000000000000000000E4 /* JetKVMProtocol */; };
		D400000000000000000000D4 /* JetKVMTransport in Frameworks */ = {isa = PBXBuildFile; productRef = E600000000000000000000E6 /* JetKVMTransport */; };
		D500000000000000000000D5 /* ConnectView.swift in Sources */ = {isa = PBXBuildFile; fileRef = C400000000000000000000C4 /* ConnectView.swift */; };
		D600000000000000000000D6 /* KVMWindowView.swift in Sources */ = {isa = PBXBuildFile; fileRef = C500000000000000000000C5 /* KVMWindowView.swift */; };
		D700000000000000000000D7 /* KVMVideoView.swift in Sources */ = {isa = PBXBuildFile; fileRef = C600000000000000000000C6 /* KVMVideoView.swift */; };
		D800000000000000000000D8 /* KeyboardCapturer.swift in Sources */ = {isa = PBXBuildFile; fileRef = C700000000000000000000C7 /* KeyboardCapturer.swift */; };
		D900000000000000000000D9 /* ControlPanel.swift in Sources */ = {isa = PBXBuildFile; fileRef = C800000000000000000000C8 /* ControlPanel.swift */; };
/* End PBXBuildFile section */

/* Begin PBXFileReference section */
		C100000000000000000000C1 /* JetKVMClientApp.swift */ = {isa = PBXFileReference; lastKnownFileType = sourcecode.swift; path = JetKVMClientApp.swift; sourceTree = "<group>"; };
		C200000000000000000000C2 /* Info.plist */ = {isa = PBXFileReference; lastKnownFileType = text.plist.xml; path = Info.plist; sourceTree = "<group>"; };
		C300000000000000000000C3 /* JetKVMClient.app */ = {isa = PBXFileReference; explicitFileType = wrapper.application; includeInIndex = 0; path = JetKVMClient.app; sourceTree = BUILT_PRODUCTS_DIR; };
		C400000000000000000000C4 /* ConnectView.swift */ = {isa = PBXFileReference; lastKnownFileType = sourcecode.swift; path = ConnectView.swift; sourceTree = "<group>"; };
		C500000000000000000000C5 /* KVMWindowView.swift */ = {isa = PBXFileReference; lastKnownFileType = sourcecode.swift; path = KVMWindowView.swift; sourceTree = "<group>"; };
		C600000000000000000000C6 /* KVMVideoView.swift */ = {isa = PBXFileReference; lastKnownFileType = sourcecode.swift; path = KVMVideoView.swift; sourceTree = "<group>"; };
		C700000000000000000000C7 /* KeyboardCapturer.swift */ = {isa = PBXFileReference; lastKnownFileType = sourcecode.swift; path = KeyboardCapturer.swift; sourceTree = "<group>"; };
		C800000000000000000000C8 /* ControlPanel.swift */ = {isa = PBXFileReference; lastKnownFileType = sourcecode.swift; path = ControlPanel.swift; sourceTree = "<group>"; };
/* End PBXFileReference section */

/* Begin PBXFrameworksBuildPhase section */
		A800000000000000000000A8 /* Frameworks */ = {
			isa = PBXFrameworksBuildPhase;
			buildActionMask = 2147483647;
			files = (
				D200000000000000000000D2 /* WebRTC in Frameworks */,
				D300000000000000000000D3 /* JetKVMProtocol in Frameworks */,
				D400000000000000000000D4 /* JetKVMTransport in Frameworks */,
			);
			runOnlyForDeploymentPostprocessing = 0;
		};
/* End PBXFrameworksBuildPhase section */

/* Begin PBXGroup section */
		A200000000000000000000A2 = {
			isa = PBXGroup;
			children = (
				A300000000000000000000A3 /* App */,
				A400000000000000000000A4 /* Packages */,
				A500000000000000000000A5 /* Products */,
			);
			sourceTree = "<group>";
		};
		A300000000000000000000A3 /* App */ = {
			isa = PBXGroup;
			children = (
				C100000000000000000000C1 /* JetKVMClientApp.swift */,
				C400000000000000000000C4 /* ConnectView.swift */,
				C500000000000000000000C5 /* KVMWindowView.swift */,
				C600000000000000000000C6 /* KVMVideoView.swift */,
				C700000000000000000000C7 /* KeyboardCapturer.swift */,
				C800000000000000000000C8 /* ControlPanel.swift */,
				C200000000000000000000C2 /* Info.plist */,
			);
			path = App;
			sourceTree = "<group>";
		};
		A400000000000000000000A4 /* Packages */ = {
			isa = PBXGroup;
			children = (
			);
			name = Packages;
			path = Packages;
			sourceTree = "<group>";
		};
		A500000000000000000000A5 /* Products */ = {
			isa = PBXGroup;
			children = (
				C300000000000000000000C3 /* JetKVMClient.app */,
			);
			name = Products;
			sourceTree = "<group>";
		};
/* End PBXGroup section */

/* Begin PBXNativeTarget section */
		B100000000000000000000B1 /* JetKVMClient */ = {
			isa = PBXNativeTarget;
			buildConfigurationList = B200000000000000000000B2 /* Build configuration list for PBXNativeTarget "JetKVMClient" */;
			buildPhases = (
				A700000000000000000000A7 /* Sources */,
				A800000000000000000000A8 /* Frameworks */,
				A900000000000000000000A9 /* Resources */,
			);
			buildRules = (
			);
			dependencies = (
			);
			name = JetKVMClient;
			packageProductDependencies = (
				E200000000000000000000E2 /* WebRTC */,
				E400000000000000000000E4 /* JetKVMProtocol */,
				E600000000000000000000E6 /* JetKVMTransport */,
			);
			productName = JetKVMClient;
			productReference = C300000000000000000000C3 /* JetKVMClient.app */;
			productType = "com.apple.product-type.application";
		};
/* End PBXNativeTarget section */

/* Begin PBXProject section */
		A100000000000000000000A1 /* Project object */ = {
			isa = PBXProject;
			attributes = {
				BuildIndependentTargetsInParallel = 1;
				LastSwiftUpdateCheck = 2640;
				LastUpgradeCheck = 2640;
				TargetAttributes = {
					B100000000000000000000B1 = {
						CreatedOnToolsVersion = 26.4.1;
					};
				};
			};
			buildConfigurationList = B500000000000000000000B5 /* Build configuration list for PBXProject "JetKVMClient" */;
			compatibilityVersion = "Xcode 14.0";
			developmentRegion = en;
			hasScannedForEncodings = 0;
			knownRegions = (
				en,
				Base,
			);
			mainGroup = A200000000000000000000A2;
			minimizedProjectReferenceProxies = 1;
			packageReferences = (
				E100000000000000000000E1 /* XCRemoteSwiftPackageReference "WebRTC" */,
				E300000000000000000000E3 /* XCLocalSwiftPackageReference "Packages/JetKVMProtocol" */,
				E500000000000000000000E5 /* XCLocalSwiftPackageReference "Packages/JetKVMTransport" */,
			);
			preferredProjectObjectVersion = 70;
			productRefGroup = A500000000000000000000A5 /* Products */;
			projectDirPath = "";
			projectRoot = "";
			targets = (
				B100000000000000000000B1 /* JetKVMClient */,
			);
		};
/* End PBXProject section */

/* Begin PBXResourcesBuildPhase section */
		A900000000000000000000A9 /* Resources */ = {
			isa = PBXResourcesBuildPhase;
			buildActionMask = 2147483647;
			files = (
			);
			runOnlyForDeploymentPostprocessing = 0;
		};
/* End PBXResourcesBuildPhase section */

/* Begin PBXSourcesBuildPhase section */
		A700000000000000000000A7 /* Sources */ = {
			isa = PBXSourcesBuildPhase;
			buildActionMask = 2147483647;
			files = (
				D100000000000000000000D1 /* JetKVMClientApp.swift in Sources */,
				D500000000000000000000D5 /* ConnectView.swift in Sources */,
				D600000000000000000000D6 /* KVMWindowView.swift in Sources */,
				D700000000000000000000D7 /* KVMVideoView.swift in Sources */,
				D800000000000000000000D8 /* KeyboardCapturer.swift in Sources */,
				D900000000000000000000D9 /* ControlPanel.swift in Sources */,
			);
			runOnlyForDeploymentPostprocessing = 0;
		};
/* End PBXSourcesBuildPhase section */

/* Begin XCBuildConfiguration section */
		B300000000000000000000B3 /* Debug */ = {
			isa = XCBuildConfiguration;
			buildSettings = {
				CODE_SIGN_IDENTITY = "-";
				CODE_SIGN_STYLE = Automatic;
				CURRENT_PROJECT_VERSION = 1;
				DEVELOPMENT_TEAM = "";
				ENABLE_HARDENED_RUNTIME = YES;
				ENABLE_PREVIEWS = YES;
				GENERATE_INFOPLIST_FILE = NO;
				INFOPLIST_FILE = App/Info.plist;
				LD_RUNPATH_SEARCH_PATHS = (
					"$(inherited)",
					"@executable_path/../Frameworks",
				);
				MACOSX_DEPLOYMENT_TARGET = 14.0;
				MARKETING_VERSION = 0.1.0;
				PRODUCT_BUNDLE_IDENTIFIER = app.jetkvm.client;
				PRODUCT_NAME = "$(TARGET_NAME)";
				SDKROOT = macosx;
				SWIFT_EMIT_LOC_STRINGS = YES;
				SWIFT_VERSION = 5.0;
			};
			name = Debug;
		};
		B400000000000000000000B4 /* Release */ = {
			isa = XCBuildConfiguration;
			buildSettings = {
				CODE_SIGN_IDENTITY = "-";
				CODE_SIGN_STYLE = Automatic;
				CURRENT_PROJECT_VERSION = 1;
				DEVELOPMENT_TEAM = "";
				ENABLE_HARDENED_RUNTIME = YES;
				ENABLE_PREVIEWS = YES;
				GENERATE_INFOPLIST_FILE = NO;
				INFOPLIST_FILE = App/Info.plist;
				LD_RUNPATH_SEARCH_PATHS = (
					"$(inherited)",
					"@executable_path/../Frameworks",
				);
				MACOSX_DEPLOYMENT_TARGET = 14.0;
				MARKETING_VERSION = 0.1.0;
				PRODUCT_BUNDLE_IDENTIFIER = app.jetkvm.client;
				PRODUCT_NAME = "$(TARGET_NAME)";
				SDKROOT = macosx;
				SWIFT_EMIT_LOC_STRINGS = YES;
				SWIFT_VERSION = 5.0;
			};
			name = Release;
		};
		B600000000000000000000B6 /* Debug */ = {
			isa = XCBuildConfiguration;
			buildSettings = {
				ALWAYS_SEARCH_USER_PATHS = NO;
				CLANG_ANALYZER_NONNULL = YES;
				CLANG_ANALYZER_NUMBER_OBJECT_CONVERSION = YES_AGGRESSIVE;
				CLANG_ENABLE_MODULES = YES;
				CLANG_ENABLE_OBJC_ARC = YES;
				CLANG_ENABLE_OBJC_WEAK = YES;
				CLANG_WARN_BLOCK_CAPTURE_AUTORELEASING = YES;
				CLANG_WARN_BOOL_CONVERSION = YES;
				CLANG_WARN_COMMA = YES;
				CLANG_WARN_CONSTANT_CONVERSION = YES;
				CLANG_WARN_DEPRECATED_OBJC_IMPLEMENTATIONS = YES;
				CLANG_WARN_DIRECT_OBJC_ISA_USAGE = YES_ERROR;
				CLANG_WARN_DOCUMENTATION_COMMENTS = YES;
				CLANG_WARN_EMPTY_BODY = YES;
				CLANG_WARN_ENUM_CONVERSION = YES;
				CLANG_WARN_INFINITE_RECURSION = YES;
				CLANG_WARN_INT_CONVERSION = YES;
				CLANG_WARN_NON_LITERAL_NULL_CONVERSION = YES;
				CLANG_WARN_OBJC_IMPLICIT_RETAIN_SELF = YES;
				CLANG_WARN_OBJC_LITERAL_CONVERSION = YES;
				CLANG_WARN_OBJC_ROOT_CLASS = YES_ERROR;
				CLANG_WARN_QUOTED_INCLUDE_IN_FRAMEWORK_HEADER = YES;
				CLANG_WARN_RANGE_LOOP_ANALYSIS = YES;
				CLANG_WARN_STRICT_PROTOTYPES = YES;
				CLANG_WARN_SUSPICIOUS_MOVE = YES;
				CLANG_WARN_UNGUARDED_AVAILABILITY = YES_AGGRESSIVE;
				CLANG_WARN_UNREACHABLE_CODE = YES;
				CLANG_WARN__DUPLICATE_METHOD_MATCH = YES;
				COPY_PHASE_STRIP = NO;
				DEBUG_INFORMATION_FORMAT = dwarf;
				ENABLE_STRICT_OBJC_MSGSEND = YES;
				ENABLE_TESTABILITY = YES;
				ENABLE_USER_SCRIPT_SANDBOXING = YES;
				GCC_C_LANGUAGE_STANDARD = gnu17;
				GCC_DYNAMIC_NO_PIC = NO;
				GCC_NO_COMMON_BLOCKS = YES;
				GCC_OPTIMIZATION_LEVEL = 0;
				GCC_PREPROCESSOR_DEFINITIONS = (
					"DEBUG=1",
					"$(inherited)",
				);
				GCC_WARN_64_TO_32_BIT_CONVERSION = YES;
				GCC_WARN_ABOUT_RETURN_TYPE = YES_ERROR;
				GCC_WARN_UNDECLARED_SELECTOR = YES;
				GCC_WARN_UNINITIALIZED_AUTOS = YES_AGGRESSIVE;
				GCC_WARN_UNUSED_FUNCTION = YES;
				GCC_WARN_UNUSED_VARIABLE = YES;
				LOCALIZATION_PREFERS_STRING_CATALOGS = YES;
				MTL_ENABLE_DEBUG_INFO = INCLUDE_SOURCE;
				MTL_FAST_MATH = YES;
				ONLY_ACTIVE_ARCH = YES;
				SWIFT_ACTIVE_COMPILATION_CONDITIONS = "DEBUG $(inherited)";
				SWIFT_OPTIMIZATION_LEVEL = "-Onone";
			};
			name = Debug;
		};
		B700000000000000000000B7 /* Release */ = {
			isa = XCBuildConfiguration;
			buildSettings = {
				ALWAYS_SEARCH_USER_PATHS = NO;
				CLANG_ANALYZER_NONNULL = YES;
				CLANG_ANALYZER_NUMBER_OBJECT_CONVERSION = YES_AGGRESSIVE;
				CLANG_ENABLE_MODULES = YES;
				CLANG_ENABLE_OBJC_ARC = YES;
				CLANG_ENABLE_OBJC_WEAK = YES;
				CLANG_WARN_BLOCK_CAPTURE_AUTORELEASING = YES;
				CLANG_WARN_BOOL_CONVERSION = YES;
				CLANG_WARN_COMMA = YES;
				CLANG_WARN_CONSTANT_CONVERSION = YES;
				CLANG_WARN_DEPRECATED_OBJC_IMPLEMENTATIONS = YES;
				CLANG_WARN_DIRECT_OBJC_ISA_USAGE = YES_ERROR;
				CLANG_WARN_DOCUMENTATION_COMMENTS = YES;
				CLANG_WARN_EMPTY_BODY = YES;
				CLANG_WARN_ENUM_CONVERSION = YES;
				CLANG_WARN_INFINITE_RECURSION = YES;
				CLANG_WARN_INT_CONVERSION = YES;
				CLANG_WARN_NON_LITERAL_NULL_CONVERSION = YES;
				CLANG_WARN_OBJC_IMPLICIT_RETAIN_SELF = YES;
				CLANG_WARN_OBJC_LITERAL_CONVERSION = YES;
				CLANG_WARN_OBJC_ROOT_CLASS = YES_ERROR;
				CLANG_WARN_QUOTED_INCLUDE_IN_FRAMEWORK_HEADER = YES;
				CLANG_WARN_RANGE_LOOP_ANALYSIS = YES;
				CLANG_WARN_STRICT_PROTOTYPES = YES;
				CLANG_WARN_SUSPICIOUS_MOVE = YES;
				CLANG_WARN_UNGUARDED_AVAILABILITY = YES_AGGRESSIVE;
				CLANG_WARN_UNREACHABLE_CODE = YES;
				CLANG_WARN__DUPLICATE_METHOD_MATCH = YES;
				COPY_PHASE_STRIP = NO;
				DEBUG_INFORMATION_FORMAT = "dwarf-with-dsym";
				ENABLE_NS_ASSERTIONS = NO;
				ENABLE_STRICT_OBJC_MSGSEND = YES;
				ENABLE_USER_SCRIPT_SANDBOXING = YES;
				GCC_C_LANGUAGE_STANDARD = gnu17;
				GCC_NO_COMMON_BLOCKS = YES;
				GCC_WARN_64_TO_32_BIT_CONVERSION = YES;
				GCC_WARN_ABOUT_RETURN_TYPE = YES_ERROR;
				GCC_WARN_UNDECLARED_SELECTOR = YES;
				GCC_WARN_UNINITIALIZED_AUTOS = YES_AGGRESSIVE;
				GCC_WARN_UNUSED_FUNCTION = YES;
				GCC_WARN_UNUSED_VARIABLE = YES;
				LOCALIZATION_PREFERS_STRING_CATALOGS = YES;
				MTL_ENABLE_DEBUG_INFO = NO;
				MTL_FAST_MATH = YES;
				SWIFT_COMPILATION_MODE = wholemodule;
			};
			name = Release;
		};
/* End XCBuildConfiguration section */

/* Begin XCConfigurationList section */
		B200000000000000000000B2 /* Build configuration list for PBXNativeTarget "JetKVMClient" */ = {
			isa = XCConfigurationList;
			buildConfigurations = (
				B300000000000000000000B3 /* Debug */,
				B400000000000000000000B4 /* Release */,
			);
			defaultConfigurationIsVisible = 0;
			defaultConfigurationName = Release;
		};
		B500000000000000000000B5 /* Build configuration list for PBXProject "JetKVMClient" */ = {
			isa = XCConfigurationList;
			buildConfigurations = (
				B600000000000000000000B6 /* Debug */,
				B700000000000000000000B7 /* Release */,
			);
			defaultConfigurationIsVisible = 0;
			defaultConfigurationName = Release;
		};
/* End XCConfigurationList section */

/* Begin XCLocalSwiftPackageReference section */
		E300000000000000000000E3 /* XCLocalSwiftPackageReference "Packages/JetKVMProtocol" */ = {
			isa = XCLocalSwiftPackageReference;
			relativePath = Packages/JetKVMProtocol;
		};
		E500000000000000000000E5 /* XCLocalSwiftPackageReference "Packages/JetKVMTransport" */ = {
			isa = XCLocalSwiftPackageReference;
			relativePath = Packages/JetKVMTransport;
		};
/* End XCLocalSwiftPackageReference section */

/* Begin XCRemoteSwiftPackageReference section */
		E100000000000000000000E1 /* XCRemoteSwiftPackageReference "WebRTC" */ = {
			isa = XCRemoteSwiftPackageReference;
			repositoryURL = "https://github.com/stasel/WebRTC.git";
			requirement = {
				kind = exactVersion;
				version = 140.0.0;
			};
		};
/* End XCRemoteSwiftPackageReference section */

/* Begin XCSwiftPackageProductDependency section */
		E200000000000000000000E2 /* WebRTC */ = {
			isa = XCSwiftPackageProductDependency;
			package = E100000000000000000000E1 /* XCRemoteSwiftPackageReference "WebRTC" */;
			productName = WebRTC;
		};
		E400000000000000000000E4 /* JetKVMProtocol */ = {
			isa = XCSwiftPackageProductDependency;
			productName = JetKVMProtocol;
		};
		E600000000000000000000E6 /* JetKVMTransport */ = {
			isa = XCSwiftPackageProductDependency;
			productName = JetKVMTransport;
		};
/* End XCSwiftPackageProductDependency section */
	};
	rootObject = A100000000000000000000A1 /* Project object */;
}
